PODS:
  - BRPickerView (2.8.0):
    - BRPickerView/AddressPickerView (= 2.8.0)
    - BRPickerView/Base (= 2.8.0)
    - BRPickerView/DatePickerView (= 2.8.0)
    - BRPickerView/StringPickerView (= 2.8.0)
  - BRPickerView/AddressPickerView (2.8.0):
    - BRPickerView/Base
  - BRPickerView/Base (2.8.0)
  - BRPickerView/DatePickerView (2.8.0):
    - BRPickerView/Base
  - BRPickerView/StringPickerView (2.8.0):
    - BRPickerView/Base
  - FMDB (2.7.5):
    - FMDB/standard (= 2.7.5)
  - FMDB/standard (2.7.5)
  - IQKeyboardManager (6.5.10)
  - Masonry (1.1.0)
  - MBProgressHUD (1.2.0)
  - YYKit (1.0.9):
    - YYKit/no-arc (= 1.0.9)
  - YYKit/no-arc (1.0.9)

DEPENDENCIES:
  - BRPickerView
  - FMDB
  - IQKeyboardManager
  - Masonry
  - MBProgressHUD
  - YYKit

SPEC REPOS:
  trunk:
    - BRPickerView
    - FMDB
    - IQKeyboardManager
    - Masonry
    - MBProgressHUD
    - YYKit

SPEC CHECKSUMS:
  BRPickerView: a0ff460bf092bc069db5a54153395b1f7e8f5300
  FMDB: 2ce00b547f966261cd18927a3ddb07cb6f3db82a
  IQKeyboardManager: 45a1fa55c1a5b02c61ac0fd7fd5b62bb4ad20d97
  Masonry: 678fab65091a9290e40e2832a55e7ab731aad201
  MBProgressHUD: 3ee5efcc380f6a79a7cc9b363dd669c5e1ae7406
  YYKit: 7cda43304a8dc3696c449041e2cb3107b4e236e7

PODFILE CHECKSUM: fcb89b6e67830458aabf2e6ac849c893c5f74f55

COCOAPODS: 1.11.3
